
Microsoft Visual Studio Solution File, Format Version 12.00
# Visual Studio Version 17
VisualStudioVersion = 17.8.34322.80
MinimumVisualStudioVersion = 10.0.40219.1
Project("{FAE04EC0-301F-11D3-BF4B-00C04F79EFBC}") = "Lap", "Lap\Lap.csproj", "{7F58F435-0D6B-4C0C-BF8C-040F4422754D}"
EndProject
Global
	GlobalSection(SolutionConfigurationPlatforms) = preSolution
		Debug|Any CPU = Debug|Any CPU
		Release|Any CPU = Release|Any CPU
	EndGlobalSection
	GlobalSection(ProjectConfigurationPlatforms) = postSolution
		{7F58F435-0D6B-4C0C-BF8C-040F4422754D}.Debug|Any CPU.ActiveCfg = Debug|Any CPU
		{7F58F435-0D6B-4C0C-BF8C-040F4422754D}.Debug|Any CPU.Build.0 = Debug|Any CPU
		{7F58F435-0D6B-4C0C-BF8C-040F4422754D}.Release|Any CPU.ActiveCfg = Release|Any CPU
		{7F58F435-0D6B-4C0C-BF8C-040F4422754D}.Release|Any CPU.Build.0 = Release|Any CPU
	EndGlobalSection
	GlobalSection(SolutionProperties) = preSolution
		HideSolutionNode = FALSE
	EndGlobalSection
	GlobalSection(ExtensibilityGlobals) = postSolution
		SolutionGuid = {2A1D989C-E5A4-4405-A279-DB7730113877}
	EndGlobalSection
EndGlobal
